
Microsoft Visual Studio Solution File, Format Version 12.00
# Visual Studio Version 16
VisualStudioVersion = 16.0.32901.82
MinimumVisualStudioVersion = 10.0.40219.1
Project("{8BC9CEB8-8B4A-11D0-8D11-00A0C91BC942}") = "Bills_Calculator", "Bills_Calculator.vcxproj", "{94421AF8-AB54-4195-8829-EA0898AC50C3}"
EndProject
Global
	GlobalSection(SolutionConfigurationPlatforms) = preSolution
		Debug|x64 = Debug|x64
		Debug|x86 = Debug|x86
		Release|x64 = Release|x64
		Release|x86 = Release|x86
	EndGlobalSection
	GlobalSection(ProjectConfigurationPlatforms) = postSolution
		{94421AF8-AB54-4195-8829-EA0898AC50C3}.Debug|x64.ActiveCfg = Debug|x64
		{94421AF8-AB54-4195-8829-EA0898AC50C3}.Debug|x64.Build.0 = Debug|x64
		{94421AF8-AB54-4195-8829-EA0898AC50C3}.Debug|x86.ActiveCfg = Debug|Win32
		{94421AF8-AB54-4195-8829-EA0898AC50C3}.Debug|x86.Build.0 = Debug|Win32
		{94421AF8-AB54-4195-8829-EA0898AC50C3}.Release|x64.ActiveCfg = Release|x64
		{94421AF8-AB54-4195-8829-EA0898AC50C3}.Release|x64.Build.0 = Release|x64
		{94421AF8-AB54-4195-8829-EA0898AC50C3}.Release|x86.ActiveCfg = Release|Win32
		{94421AF8-AB54-4195-8829-EA0898AC50C3}.Release|x86.Build.0 = Release|Win32
	EndGlobalSection
	GlobalSection(SolutionProperties) = preSolution
		HideSolutionNode = FALSE
	EndGlobalSection
	GlobalSection(ExtensibilityGlobals) = postSolution
		SolutionGuid = {FA66BAFF-5ECB-43D0-B4E8-562D5ECB1A0C}
	EndGlobalSection
EndGlobal
